
Microsoft Visual Studio Solution File, Format Version 12.00
# Visual Studio Version 17
VisualStudioVersion = 17.11.35327.3
MinimumVisualStudioVersion = 10.0.40219.1
Project("{FAE04EC0-301F-11D3-BF4B-00C04F79EFBC}") = "Bookshop.Server", "Bookshop.Server\Bookshop.Server.csproj", "{FECABEEB-3131-4150-B07A-DF1F6A3647EF}"
EndProject
Project("{54A90642-561A-4BB1-A94E-469ADEE60C69}") = "bookshop.client", "bookshop.client\bookshop.client.esproj", "{359E49F0-766E-4814-919B-DD591FD5B187}"
EndProject
Project("{2150E333-8FDC-42A3-9474-1A3956D46DE8}") = "ui", "ui", "{2D266C38-E49F-43C1-B7E8-6CB54AADC933}"
EndProject
Project("{2150E333-8FDC-42A3-9474-1A3956D46DE8}") = "api", "api", "{1B826BB9-87F5-4B35-B641-1FC03A53CD60}"
EndProject
Project("{FAE04EC0-301F-11D3-BF4B-00C04F79EFBC}") = "Bookshop.Domain", "Bookshop.Domain\Bookshop.Domain.csproj", "{82E13CC3-7405-4AA6-9C9B-765634B37EED}"
EndProject
Project("{FAE04EC0-301F-11D3-BF4B-00C04F79EFBC}") = "Bookshop.Application", "Bookshop.Application\Bookshop.Application.csproj", "{CD797751-9F8C-4F56-A174-C4AA8001E576}"
EndProject
Project("{FAE04EC0-301F-11D3-BF4B-00C04F79EFBC}") = "Bookshop.Infra.Data", "Bookshop.Infra.Data\Bookshop.Infra.Data.csproj", "{8176687D-5BA8-4070-B4B7-8B21E7544DD5}"
EndProject
Project("{2150E333-8FDC-42A3-9474-1A3956D46DE8}") = "tests", "tests", "{4E770D89-CBAA-4F56-BDFC-4DF7FEAB1DAC}"
EndProject
Project("{FAE04EC0-301F-11D3-BF4B-00C04F79EFBC}") = "Bookshop.Unit", "Bookshop.Unit\Bookshop.Unit.csproj", "{FA52C3DA-EA2A-464B-B831-8B4DED59D9FD}"
EndProject
Project("{F14B399A-7131-4C87-9E4B-1186C45EF12D}") = "Bookshop.Report", "Bookshop.Report\Bookshop.Report.rptproj", "{E95993BC-A5E6-49CC-AFF0-575CBD996A62}"
EndProject
Global
	GlobalSection(SolutionConfigurationPlatforms) = preSolution
		Debug|Any CPU = Debug|Any CPU
		DebugLocal|Any CPU = DebugLocal|Any CPU
		Release|Any CPU = Release|Any CPU
	EndGlobalSection
	GlobalSection(ProjectConfigurationPlatforms) = postSolution
		{FECABEEB-3131-4150-B07A-DF1F6A3647EF}.Debug|Any CPU.ActiveCfg = Debug|Any CPU
		{FECABEEB-3131-4150-B07A-DF1F6A3647EF}.Debug|Any CPU.Build.0 = Debug|Any CPU
		{FECABEEB-3131-4150-B07A-DF1F6A3647EF}.DebugLocal|Any CPU.ActiveCfg = Debug|Any CPU
		{FECABEEB-3131-4150-B07A-DF1F6A3647EF}.DebugLocal|Any CPU.Build.0 = Debug|Any CPU
		{FECABEEB-3131-4150-B07A-DF1F6A3647EF}.Release|Any CPU.ActiveCfg = Release|Any CPU
		{FECABEEB-3131-4150-B07A-DF1F6A3647EF}.Release|Any CPU.Build.0 = Release|Any CPU
		{359E49F0-766E-4814-919B-DD591FD5B187}.Debug|Any CPU.ActiveCfg = Debug|Any CPU
		{359E49F0-766E-4814-919B-DD591FD5B187}.Debug|Any CPU.Build.0 = Debug|Any CPU
		{359E49F0-766E-4814-919B-DD591FD5B187}.Debug|Any CPU.Deploy.0 = Debug|Any CPU
		{359E49F0-766E-4814-919B-DD591FD5B187}.DebugLocal|Any CPU.ActiveCfg = Debug|Any CPU
		{359E49F0-766E-4814-919B-DD591FD5B187}.DebugLocal|Any CPU.Build.0 = Debug|Any CPU
		{359E49F0-766E-4814-919B-DD591FD5B187}.DebugLocal|Any CPU.Deploy.0 = Debug|Any CPU
		{359E49F0-766E-4814-919B-DD591FD5B187}.Release|Any CPU.ActiveCfg = Release|Any CPU
		{359E49F0-766E-4814-919B-DD591FD5B187}.Release|Any CPU.Build.0 = Release|Any CPU
		{359E49F0-766E-4814-919B-DD591FD5B187}.Release|Any CPU.Deploy.0 = Release|Any CPU
		{82E13CC3-7405-4AA6-9C9B-765634B37EED}.Debug|Any CPU.ActiveCfg = Debug|Any CPU
		{82E13CC3-7405-4AA6-9C9B-765634B37EED}.Debug|Any CPU.Build.0 = Debug|Any CPU
		{82E13CC3-7405-4AA6-9C9B-765634B37EED}.DebugLocal|Any CPU.ActiveCfg = Debug|Any CPU
		{82E13CC3-7405-4AA6-9C9B-765634B37EED}.DebugLocal|Any CPU.Build.0 = Debug|Any CPU
		{82E13CC3-7405-4AA6-9C9B-765634B37EED}.Release|Any CPU.ActiveCfg = Release|Any CPU
		{82E13CC3-7405-4AA6-9C9B-765634B37EED}.Release|Any CPU.Build.0 = Release|Any CPU
		{CD797751-9F8C-4F56-A174-C4AA8001E576}.Debug|Any CPU.ActiveCfg = Debug|Any CPU
		{CD797751-9F8C-4F56-A174-C4AA8001E576}.Debug|Any CPU.Build.0 = Debug|Any CPU
		{CD797751-9F8C-4F56-A174-C4AA8001E576}.DebugLocal|Any CPU.ActiveCfg = Debug|Any CPU
		{CD797751-9F8C-4F56-A174-C4AA8001E576}.DebugLocal|Any CPU.Build.0 = Debug|Any CPU
		{CD797751-9F8C-4F56-A174-C4AA8001E576}.Release|Any CPU.ActiveCfg = Release|Any CPU
		{CD797751-9F8C-4F56-A174-C4AA8001E576}.Release|Any CPU.Build.0 = Release|Any CPU
		{8176687D-5BA8-4070-B4B7-8B21E7544DD5}.Debug|Any CPU.ActiveCfg = Debug|Any CPU
		{8176687D-5BA8-4070-B4B7-8B21E7544DD5}.Debug|Any CPU.Build.0 = Debug|Any CPU
		{8176687D-5BA8-4070-B4B7-8B21E7544DD5}.DebugLocal|Any CPU.ActiveCfg = Debug|Any CPU
		{8176687D-5BA8-4070-B4B7-8B21E7544DD5}.DebugLocal|Any CPU.Build.0 = Debug|Any CPU
		{8176687D-5BA8-4070-B4B7-8B21E7544DD5}.Release|Any CPU.ActiveCfg = Release|Any CPU
		{8176687D-5BA8-4070-B4B7-8B21E7544DD5}.Release|Any CPU.Build.0 = Release|Any CPU
		{FA52C3DA-EA2A-464B-B831-8B4DED59D9FD}.Debug|Any CPU.ActiveCfg = Debug|Any CPU
		{FA52C3DA-EA2A-464B-B831-8B4DED59D9FD}.Debug|Any CPU.Build.0 = Debug|Any CPU
		{FA52C3DA-EA2A-464B-B831-8B4DED59D9FD}.DebugLocal|Any CPU.ActiveCfg = Debug|Any CPU
		{FA52C3DA-EA2A-464B-B831-8B4DED59D9FD}.DebugLocal|Any CPU.Build.0 = Debug|Any CPU
		{FA52C3DA-EA2A-464B-B831-8B4DED59D9FD}.Release|Any CPU.ActiveCfg = Release|Any CPU
		{FA52C3DA-EA2A-464B-B831-8B4DED59D9FD}.Release|Any CPU.Build.0 = Release|Any CPU
		{E95993BC-A5E6-49CC-AFF0-575CBD996A62}.Debug|Any CPU.ActiveCfg = Debug
		{E95993BC-A5E6-49CC-AFF0-575CBD996A62}.Debug|Any CPU.Build.0 = Debug
		{E95993BC-A5E6-49CC-AFF0-575CBD996A62}.Debug|Any CPU.Deploy.0 = Debug
		{E95993BC-A5E6-49CC-AFF0-575CBD996A62}.DebugLocal|Any CPU.ActiveCfg = DebugLocal
		{E95993BC-A5E6-49CC-AFF0-575CBD996A62}.DebugLocal|Any CPU.Build.0 = DebugLocal
		{E95993BC-A5E6-49CC-AFF0-575CBD996A62}.Release|Any CPU.ActiveCfg = Release
		{E95993BC-A5E6-49CC-AFF0-575CBD996A62}.Release|Any CPU.Build.0 = Release
		{E95993BC-A5E6-49CC-AFF0-575CBD996A62}.Release|Any CPU.Deploy.0 = Release
	EndGlobalSection
	GlobalSection(SolutionProperties) = preSolution
		HideSolutionNode = FALSE
	EndGlobalSection
	GlobalSection(NestedProjects) = preSolution
		{FECABEEB-3131-4150-B07A-DF1F6A3647EF} = {1B826BB9-87F5-4B35-B641-1FC03A53CD60}
		{359E49F0-766E-4814-919B-DD591FD5B187} = {2D266C38-E49F-43C1-B7E8-6CB54AADC933}
		{82E13CC3-7405-4AA6-9C9B-765634B37EED} = {1B826BB9-87F5-4B35-B641-1FC03A53CD60}
		{CD797751-9F8C-4F56-A174-C4AA8001E576} = {1B826BB9-87F5-4B35-B641-1FC03A53CD60}
		{8176687D-5BA8-4070-B4B7-8B21E7544DD5} = {1B826BB9-87F5-4B35-B641-1FC03A53CD60}
		{FA52C3DA-EA2A-464B-B831-8B4DED59D9FD} = {4E770D89-CBAA-4F56-BDFC-4DF7FEAB1DAC}
		{E95993BC-A5E6-49CC-AFF0-575CBD996A62} = {1B826BB9-87F5-4B35-B641-1FC03A53CD60}
	EndGlobalSection
	GlobalSection(ExtensibilityGlobals) = postSolution
		SolutionGuid = {25545705-79E9-4556-9061-26C3A6351953}
	EndGlobalSection
EndGlobal
